base_field: id
base_table: views_test_data
core: 8.x
description: ''
status: true
display:
  default:
    display_plugin: default
    id: default
    display_title: Master
    position: null
    display_options:
      access:
        type: perm
      cache:
        type: none
      query:
        type: views_query
      exposed_form:
        type: basic
      pager:
        type: some
        options:
          items_per_page: 5
      style:
        type: default
      row:
        type: fields
      fields:
        name:
          id: name
          table: views_test_data
          field: name
          provider: views_test_data
      title: test_view_block
  block_1:
    display_plugin: block
    id: block_1
    display_title: Block
    position: null
    display_options:
      field:
        title:
          link_to_node: true
label: test_view_block
module: views
id: test_view_block
tag: ''
