{
    "hash": "90e0986bd0957088356cb234e33f6332",
    "packages": [
        {
            "name": "doctrine/common",
            "version": "2.3.0-RC2",
            "source": {
                "type": "git",
                "url": "https://github.com/doctrine/common",
                "reference": "2.3.0-RC2"
            },
            "dist": {
                "type": "zip",
                "url": "https://github.com/doctrine/common/zipball/2.3.0-RC2",
                "reference": "2.3.0-RC2",
                "shasum": ""
            },
            "require": {
                "php": ">=5.3.2"
            },
            "time": "2012-08-29 13:06:32",
            "type": "library",
            "extra": {
                "branch-alias": {
                    "dev-master": "2.3.x-dev"
                }
            },
            "installation-source": "dist",
            "autoload": {
                "psr-0": {
                    "Doctrine\\Common": "lib/"
                }
            },
            "license": [
                "MIT"
            ],
            "authors": [
                {
                    "name": "Jonathan Wage",
                    "email": "jonwage@gmail.com",
                    "homepage": "http://www.jwage.com/",
                    "role": null
                },
                {
                    "name": "Guilherme Blanco",
                    "email": "guilhermeblanco@gmail.com",
                    "homepage": null,
                    "role": null
                },
                {
                    "name": "Roman Borschel",
                    "email": "roman@code-factory.org",
                    "homepage": null,
                    "role": null
                },
                {
                    "name": "Benjamin Eberlei",
                    "email": "kontakt@beberlei.de",
                    "homepage": null,
                    "role": null
                },
                {
                    "name": "Johannes Schmitt",
                    "email": "schmittjoh@gmail.com",
                    "homepage": "http://jmsyst.com",
                    "role": "Developer of wrapped JMSSerializerBundle"
                }
            ],
            "description": "Common Library for Doctrine projects",
            "homepage": "http://www.doctrine-project.org",
            "keywords": [
                "collections",
                "spl",
                "eventmanager",
                "annotations",
                "persistence"
            ]
        },
        {
            "name": "guzzle/common",
            "version": "v3.0.5",
            "target-dir": "Guzzle/Common",
            "source": {
                "type": "git",
                "url": "git://github.com/guzzle/common.git",
                "reference": "v3.0.5"
            },
            "dist": {
                "type": "zip",
                "url": "https://github.com/guzzle/common/archive/v3.0.5.zip",
                "reference": "v3.0.5",
                "shasum": ""
            },
            "require": {
                "php": ">=5.3.2",
                "symfony/event-dispatcher": "2.1.*"
            },
            "time": "2012-11-19 00:15:33",
            "type": "library",
            "installation-source": "dist",
            "autoload": {
                "psr-0": {
                    "Guzzle\\Common": ""
                }
            },
            "license": [
                "MIT"
            ],
            "description": "Common libraries used by Guzzle",
            "homepage": "http://guzzlephp.org/",
            "keywords": [
                "event",
                "exception",
                "common",
                "collection"
            ]
        },
        {
            "name": "guzzle/http",
            "version": "v3.0.5",
            "target-dir": "Guzzle/Http",
            "source": {
                "type": "git",
                "url": "git://github.com/guzzle/http.git",
                "reference": "v3.0.5"
            },
            "dist": {
                "type": "zip",
                "url": "https://github.com/guzzle/http/archive/v3.0.5.zip",
                "reference": "v3.0.5",
                "shasum": ""
            },
            "require": {
                "php": ">=5.3.2",
                "guzzle/common": "self.version",
                "guzzle/parser": "self.version",
                "guzzle/stream": "self.version"
            },
            "time": "2012-11-18 05:28:55",
            "type": "library",
            "installation-source": "dist",
            "autoload": {
                "psr-0": {
                    "Guzzle\\Http": ""
                }
            },
            "license": [
                "MIT"
            ],
            "authors": [
                {
                    "name": "Michael Dowling",
                    "email": "mtdowling@gmail.com",
                    "homepage": "https://github.com/mtdowling"
                }
            ],
            "description": "HTTP libraries used by Guzzle",
            "homepage": "http://guzzlephp.org/",
            "keywords": [
                "curl",
                "http",
                "http client",
                "client",
                "Guzzle"
            ]
        },
        {
            "name": "guzzle/parser",
            "version": "v3.0.5",
            "target-dir": "Guzzle/Parser",
            "source": {
                "type": "git",
                "url": "git://github.com/guzzle/parser.git",
                "reference": "v3.0.5"
            },
            "dist": {
                "type": "zip",
                "url": "https://github.com/guzzle/parser/archive/v3.0.5.zip",
                "reference": "v3.0.5",
                "shasum": ""
            },
            "require": {
                "php": ">=5.3.2"
            },
            "time": "2012-11-19 00:07:13",
            "type": "library",
            "installation-source": "dist",
            "autoload": {
                "psr-0": {
                    "Guzzle\\Parser": ""
                }
            },
            "license": [
                "MIT"
            ],
            "description": "Interchangeable parsers used by Guzzle",
            "homepage": "http://guzzlephp.org/",
            "keywords": [
                "http",
                "url",
                "message",
                "cookie",
                "URI Template"
            ]
        },
        {
            "name": "guzzle/stream",
            "version": "v3.0.5",
            "target-dir": "Guzzle/Stream",
            "source": {
                "type": "git",
                "url": "https://github.com/guzzle/stream",
                "reference": "v3.0.5"
            },
            "dist": {
                "type": "zip",
                "url": "https://github.com/guzzle/stream/archive/v3.0.5.zip",
                "reference": "v3.0.5",
                "shasum": ""
            },
            "require": {
                "php": ">=5.3.2",
                "guzzle/common": "self.version"
            },
            "time": "2012-11-11 23:54:57",
            "type": "library",
            "installation-source": "dist",
            "autoload": {
                "psr-0": {
                    "Guzzle\\Stream": ""
                }
            },
            "license": [
                "MIT"
            ],
            "authors": [
                {
                    "name": "Michael Dowling",
                    "email": "mtdowling@gmail.com",
                    "homepage": "https://github.com/mtdowling"
                }
            ],
            "description": "Guzzle stream wrapper component",
            "homepage": "http://guzzlephp.org/",
            "keywords": [
                "stream",
                "Guzzle",
                "component"
            ]
        },
        {
            "name": "kriswallsmith/assetic",
            "version": "v1.1.0-alpha1",
            "source": {
                "type": "git",
                "url": "http://github.com/kriswallsmith/assetic.git",
                "reference": "v1.1.0-alpha1"
            },
            "dist": {
                "type": "zip",
                "url": "https://github.com/kriswallsmith/assetic/zipball/v1.1.0-alpha1",
                "reference": "v1.1.0-alpha1",
                "shasum": ""
            },
            "require": {
                "php": ">=5.3.1",
                "symfony/process": "2.1.*"
            },
            "require-dev": {
                "twig/twig": ">=1.6.0,<2.0",
                "leafo/lessphp": "*",
                "leafo/scssphp": "*",
                "ptachoire/cssembed": "*"
            },
            "suggest": {
                "twig/twig": "Assetic provides the integration with the Twig templating engine",
                "leafo/lessphp": "Assetic provides the integration with the lessphp LESS compiler",
                "leafo/scssphp": "Assetic provides the integration with the scssphp SCSS compiler",
                "ptachoire/cssembed": "Assetic provides the integration with phpcssembed to embed data uris"
            },
            "time": "2012-08-28 05:33:44",
            "type": "library",
            "extra": {
                "branch-alias": {
                    "dev-master": "1.1-dev"
                }
            },
            "installation-source": "dist",
            "autoload": {
                "psr-0": {
                    "Assetic": "src/"
                }
            },
            "license": [
                "MIT"
            ],
            "authors": [
                {
                    "name": "Kris Wallsmith",
                    "email": "kris.wallsmith@gmail.com",
                    "homepage": "http://kriswallsmith.net/"
                }
            ],
            "description": "Asset Management for PHP",
            "homepage": "https://github.com/kriswallsmith/assetic",
            "keywords": [
                "assets",
                "compression",
                "minification"
            ]
        },
        {
            "name": "symfony/class-loader",
            "version": "v2.1.0-RC2",
            "target-dir": "Symfony/Component/ClassLoader",
            "source": {
                "type": "git",
                "url": "https://github.com/symfony/ClassLoader",
                "reference": "v2.1.0-RC2"
            },
            "dist": {
                "type": "zip",
                "url": "https://github.com/symfony/ClassLoader/zipball/v2.1.0-RC2",
                "reference": "v2.1.0-RC2",
                "shasum": ""
            },
            "require": {
                "php": ">=5.3.3"
            },
            "require-dev": {
                "symfony/finder": "2.1.*"
            },
            "time": "2012-08-27 14:51:49",
            "type": "library",
            "extra": {
                "branch-alias": {
                    "dev-master": "2.1-dev"
                }
            },
            "installation-source": "dist",
            "autoload": {
                "psr-0": {
                    "Symfony\\Component\\ClassLoader": ""
                }
            },
            "license": [
                "MIT"
            ],
            "authors": [
                {
                    "name": "Fabien Potencier",
                    "email": "fabien@symfony.com",
                    "homepage": null,
                    "role": null
                },
                {
                    "name": "Symfony Community",
                    "email": null,
                    "homepage": "http://symfony.com/contributors",
                    "role": null
                }
            ],
            "description": "Symfony ClassLoader Component",
            "homepage": "http://symfony.com"
        },
        {
            "name": "symfony/dependency-injection",
            "version": "v2.1.0-RC2",
            "target-dir": "Symfony/Component/DependencyInjection",
            "source": {
                "type": "git",
                "url": "https://github.com/symfony/DependencyInjection",
                "reference": "v2.1.0-RC2"
            },
            "dist": {
                "type": "zip",
                "url": "https://github.com/symfony/DependencyInjection/zipball/v2.1.0-RC2",
                "reference": "v2.1.0-RC2",
                "shasum": ""
            },
            "require": {
                "php": ">=5.3.3"
            },
            "require-dev": {
                "symfony/yaml": "2.1.*",
                "symfony/config": "2.1.*"
            },
            "suggest": {
                "symfony/yaml": "v2.1.0-RC2",
                "symfony/config": "v2.1.0-RC2"
            },
            "time": "2012-08-28 06:54:42",
            "type": "library",
            "extra": {
                "branch-alias": {
                    "dev-master": "2.1-dev"
                }
            },
            "installation-source": "dist",
            "autoload": {
                "psr-0": {
                    "Symfony\\Component\\DependencyInjection": ""
                }
            },
            "license": [
                "MIT"
            ],
            "authors": [
                {
                    "name": "Fabien Potencier",
                    "email": "fabien@symfony.com",
                    "homepage": null,
                    "role": null
                },
                {
                    "name": "Symfony Community",
                    "email": null,
                    "homepage": "http://symfony.com/contributors",
                    "role": null
                }
            ],
            "description": "Symfony DependencyInjection Component",
            "homepage": "http://symfony.com"
        },
        {
            "name": "symfony/event-dispatcher",
            "version": "v2.1.0-RC2",
            "target-dir": "Symfony/Component/EventDispatcher",
            "source": {
                "type": "git",
                "url": "https://github.com/symfony/EventDispatcher",
                "reference": "v2.1.0-RC2"
            },
            "dist": {
                "type": "zip",
                "url": "https://github.com/symfony/EventDispatcher/zipball/v2.1.0-RC2",
                "reference": "v2.1.0-RC2",
                "shasum": ""
            },
            "require": {
                "php": ">=5.3.3"
            },
            "require-dev": {
                "symfony/dependency-injection": "2.1.*"
            },
            "suggest": {
                "symfony/dependency-injection": "v2.1.0-RC2",
                "symfony/http-kernel": "v2.1.0-RC2"
            },
            "time": "2012-08-22 12:48:41",
            "type": "library",
            "extra": {
                "branch-alias": {
                    "dev-master": "2.1-dev"
                }
            },
            "installation-source": "dist",
            "autoload": {
                "psr-0": {
                    "Symfony\\Component\\EventDispatcher": ""
                }
            },
            "license": [
                "MIT"
            ],
            "authors": [
                {
                    "name": "Fabien Potencier",
                    "email": "fabien@symfony.com",
                    "homepage": null,
                    "role": null
                },
                {
                    "name": "Symfony Community",
                    "email": null,
                    "homepage": "http://symfony.com/contributors",
                    "role": null
                }
            ],
            "description": "Symfony EventDispatcher Component",
            "homepage": "http://symfony.com"
        },
        {
            "name": "symfony/http-foundation",
            "version": "v2.1.0-RC2",
            "target-dir": "Symfony/Component/HttpFoundation",
            "source": {
                "type": "git",
                "url": "https://github.com/symfony/HttpFoundation",
                "reference": "v2.1.0-RC2"
            },
            "dist": {
                "type": "zip",
                "url": "https://github.com/symfony/HttpFoundation/zipball/v2.1.0-RC2",
                "reference": "v2.1.0-RC2",
                "shasum": ""
            },
            "require": {
                "php": ">=5.3.3"
            },
            "time": "2012-08-22 12:48:41",
            "type": "library",
            "extra": {
                "branch-alias": {
                    "dev-master": "2.1-dev"
                }
            },
            "installation-source": "dist",
            "autoload": {
                "psr-0": {
                    "Symfony\\Component\\HttpFoundation": "",
                    "SessionHandlerInterface": "Symfony/Component/HttpFoundation/Resources/stubs"
                }
            },
            "license": [
                "MIT"
            ],
            "authors": [
                {
                    "name": "Fabien Potencier",
                    "email": "fabien@symfony.com",
                    "homepage": null,
                    "role": null
                },
                {
                    "name": "Symfony Community",
                    "email": null,
                    "homepage": "http://symfony.com/contributors",
                    "role": null
                }
            ],
            "description": "Symfony HttpFoundation Component",
            "homepage": "http://symfony.com"
        },
        {
            "name": "symfony/http-kernel",
            "version": "v2.1.0-RC2",
            "target-dir": "Symfony/Component/HttpKernel",
            "source": {
                "type": "git",
                "url": "https://github.com/symfony/HttpKernel",
                "reference": "v2.1.0-RC2"
            },
            "dist": {
                "type": "zip",
                "url": "https://github.com/symfony/HttpKernel/zipball/v2.1.0-RC2",
                "reference": "v2.1.0-RC2",
                "shasum": ""
            },
            "require": {
                "php": ">=5.3.3",
                "symfony/event-dispatcher": "2.1.*",
                "symfony/http-foundation": "2.1.*"
            },
            "require-dev": {
                "symfony/browser-kit": "2.1.*",
                "symfony/class-loader": "2.1.*",
                "symfony/config": "2.1.*",
                "symfony/console": "2.1.*",
                "symfony/dependency-injection": "2.1.*",
                "symfony/finder": "2.1.*",
                "symfony/process": "2.1.*",
                "symfony/routing": "2.1.*"
            },
            "suggest": {
                "symfony/browser-kit": "v2.1.0-RC2",
                "symfony/class-loader": "v2.1.0-RC2",
                "symfony/config": "v2.1.0-RC2",
                "symfony/console": "v2.1.0-RC2",
                "symfony/dependency-injection": "v2.1.0-RC2",
                "symfony/finder": "v2.1.0-RC2"
            },
            "time": "2012-08-28 07:00:18",
            "type": "library",
            "extra": {
                "branch-alias": {
                    "dev-master": "2.1-dev"
                }
            },
            "installation-source": "dist",
            "autoload": {
                "psr-0": {
                    "Symfony\\Component\\HttpKernel": ""
                }
            },
            "license": [
                "MIT"
            ],
            "authors": [
                {
                    "name": "Fabien Potencier",
                    "email": "fabien@symfony.com",
                    "homepage": null,
                    "role": null
                },
                {
                    "name": "Symfony Community",
                    "email": null,
                    "homepage": "http://symfony.com/contributors",
                    "role": null
                }
            ],
            "description": "Symfony HttpKernel Component",
            "homepage": "http://symfony.com"
        },
        {
            "name": "symfony/process",
            "version": "v2.1.0-RC2",
            "target-dir": "Symfony/Component/Process",
            "source": {
                "type": "git",
                "url": "https://github.com/symfony/Process",
                "reference": "v2.1.0-RC2"
            },
            "dist": {
                "type": "zip",
                "url": "https://github.com/symfony/Process/zipball/v2.1.0-RC2",
                "reference": "v2.1.0-RC2",
                "shasum": ""
            },
            "require": {
                "php": ">=5.3.3"
            },
            "time": "2012-08-26 06:13:51",
            "type": "library",
            "extra": {
                "branch-alias": {
                    "dev-master": "2.1-dev"
                }
            },
            "installation-source": "dist",
            "autoload": {
                "psr-0": {
                    "Symfony\\Component\\Process": ""
                }
            },
            "license": [
                "MIT"
            ],
            "authors": [
                {
                    "name": "Fabien Potencier",
                    "email": "fabien@symfony.com"
                },
                {
                    "name": "Symfony Community",
                    "homepage": "http://symfony.com/contributors"
                }
            ],
            "description": "Symfony Process Component",
            "homepage": "http://symfony.com"
        },
        {
            "name": "symfony/routing",
            "version": "v2.1.0-RC2",
            "target-dir": "Symfony/Component/Routing",
            "source": {
                "type": "git",
                "url": "https://github.com/symfony/Routing",
                "reference": "v2.1.0-RC2"
            },
            "dist": {
                "type": "zip",
                "url": "https://github.com/symfony/Routing/zipball/v2.1.0-RC2",
                "reference": "v2.1.0-RC2",
                "shasum": ""
            },
            "require": {
                "php": ">=5.3.3"
            },
            "require-dev": {
                "symfony/config": "2.1.*",
                "symfony/yaml": "2.1.*",
                "symfony/http-kernel": "2.1.*",
                "doctrine/common": ">=2.2,<2.4-dev"
            },
            "suggest": {
                "symfony/config": "v2.1.0-RC2",
                "symfony/yaml": "v2.1.0-RC2",
                "doctrine/common": ">=2.2,<2.4-dev"
            },
            "time": "2012-08-28 06:54:42",
            "type": "library",
            "extra": {
                "branch-alias": {
                    "dev-master": "2.1-dev"
                }
            },
            "installation-source": "dist",
            "autoload": {
                "psr-0": {
                    "Symfony\\Component\\Routing": ""
                }
            },
            "license": [
                "MIT"
            ],
            "authors": [
                {
                    "name": "Fabien Potencier",
                    "email": "fabien@symfony.com",
                    "homepage": null,
                    "role": null
                },
                {
                    "name": "Symfony Community",
                    "email": null,
                    "homepage": "http://symfony.com/contributors",
                    "role": null
                }
            ],
            "description": "Symfony Routing Component",
            "homepage": "http://symfony.com"
        },
        {
            "name": "symfony/serializer",
            "version": "v2.1.2",
            "target-dir": "Symfony/Component/Serializer",
            "source": {
                "type": "git",
                "url": "https://github.com/symfony/Serializer",
                "reference": "v2.1.2"
            },
            "dist": {
                "type": "zip",
                "url": "https://github.com/symfony/Serializer/zipball/v2.1.2",
                "reference": "v2.1.2",
                "shasum": ""
            },
            "require": {
                "php": ">=5.3.3"
            },
            "time": "2012-08-28 00:54:42",
            "type": "library",
            "extra": {
                "branch-alias": {
                    "dev-master": "2.1-dev"
                }
            },
            "installation-source": "dist",
            "autoload": {
                "psr-0": {
                    "Symfony\\Component\\Serializer": ""
                }
            },
            "license": [
                "MIT"
            ],
            "authors": [
                {
                    "name": "Fabien Potencier",
                    "email": "fabien@symfony.com"
                },
                {
                    "name": "Symfony Community",
                    "homepage": "http://symfony.com/contributors"
                }
            ],
            "description": "Symfony Serializer Component",
            "homepage": "http://symfony.com"
        },
        {
            "name": "symfony/yaml",
            "version": "v2.1.0-RC2",
            "target-dir": "Symfony/Component/Yaml",
            "source": {
                "type": "git",
                "url": "https://github.com/symfony/Yaml",
                "reference": "v2.1.0-RC2"
            },
            "dist": {
                "type": "zip",
                "url": "https://github.com/symfony/Yaml/zipball/v2.1.0-RC2",
                "reference": "v2.1.0-RC2",
                "shasum": ""
            },
            "require": {
                "php": ">=5.3.3"
            },
            "time": "2012-08-22 12:48:41",
            "type": "library",
            "extra": {
                "branch-alias": {
                    "dev-master": "2.1-dev"
                }
            },
            "installation-source": "dist",
            "autoload": {
                "psr-0": {
                    "Symfony\\Component\\Yaml": ""
                }
            },
            "license": [
                "MIT"
            ],
            "authors": [
                {
                    "name": "Fabien Potencier",
                    "email": "fabien@symfony.com",
                    "homepage": null,
                    "role": null
                },
                {
                    "name": "Symfony Community",
                    "email": null,
                    "homepage": "http://symfony.com/contributors",
                    "role": null
                }
            ],
            "description": "Symfony Yaml Component",
            "homepage": "http://symfony.com"
        },
        {
            "name": "twig/twig",
            "version": "v1.8.3",
            "source": {
                "type": "git",
                "url": "git://github.com/fabpot/Twig.git",
                "reference": "v1.8.3"
            },
            "dist": {
                "type": "zip",
                "url": "https://github.com/fabpot/Twig/zipball/v1.8.3",
                "reference": "v1.8.3",
                "shasum": ""
            },
            "require": {
                "php": ">=5.2.4"
            },
            "time": "2012-06-18 18:48:16",
            "type": "library",
            "extra": {
                "branch-alias": {
                    "dev-master": "1.8-dev"
                }
            },
            "installation-source": "dist",
            "autoload": {
                "psr-0": {
                    "Twig_": "lib/"
                }
            },
            "license": [
                "BSD-3"
            ],
            "authors": [
                {
                    "name": "Fabien Potencier",
                    "email": "fabien@symfony.com",
                    "homepage": null,
                    "role": null
                },
                {
                    "name": "Armin Ronacher",
                    "email": "armin.ronacher@active-4.com",
                    "homepage": null,
                    "role": null
                }
            ],
            "description": "Twig, the flexible, fast, and secure template language for PHP",
            "homepage": "http://twig.sensiolabs.org",
            "keywords": [
                "templating"
            ]
        }
    ],
    "packages-dev": null,
    "aliases": [

    ],
    "minimum-stability": "alpha",
    "stability-flags": [

    ]
}
