{
    "_readme": [
        "This file is a fixture used to test Drupal."
    ],
    "content-hash": "da9910627bab73a256b39ceda83d7167",
    "packages-dev": [
        {
            "name": "behat/mink-selenium2-driver",
            "version": "dev-master",
            "source": {
                "type": "git",
                "url": "https://github.com/minkphp/MinkSelenium2Driver.git",
                "reference": "0a09c4341621fca937a726827611b20ce3e2c259"
            }
        }
    ]
}
