langcode: en
status: true
dependencies:
  module:
    - node
id: test_exposed_block
label: test_exposed_block
module: views
description: ''
tag: ''
base_table: node_field_data
base_field: nid
display:
  default:
    display_options:
      title: 'Test Exposed Block'
      access:
        type: none
      cache:
        type: tag
      exposed_form:
        options:
          reset_button: true
        type: basic
      filters:
        type:
          expose:
            identifier: type
            label: 'Content: Type'
            operator_id: type_op
            reduce: false
          exposed: true
          field: type
          id: type
          table: node_field_data
          plugin_id: in_operator
          entity_type: node
          entity_field: type
      pager:
        type: full
      query:
        options:
          query_comment: ''
        type: views_query
      style:
        type: default
      row:
        type: 'entity:node'
    display_plugin: default
    display_title: Default
    id: default
    position: 0
  page_1:
    display_options:
      path: test_exposed_block
      exposed_block: true
    display_plugin: page
    display_title: Page
    id: page_1
    position: 0
  block_1:
    display_plugin: block
    id: block_1
    display_title: Block
    position: 2
    display_options:
      display_extenders: {  }
      exposed_block: true
    cache_metadata:
      max-age: -1
      contexts:
        - 'languages:language_content'
        - 'languages:language_interface'
        - url.query_args
        - 'user.node_grants:view'
        - user.permissions
      tags: {  }
