id: test_block
theme: stark
weight: 0
status: true
langcode: en
region: '-1'
plugin: test_html
settings:
  label: 'Test HTML block'
  provider: block_test
  label_display: 'hidden'
visibility:
  path:
    visibility: 0
    pages: ''
  role:
    roles: {  }
  node_type:
    types: {  }
dependencies:
  module:
    - block_test
  theme:
    - stark
